
Microsoft Visual Studio Solution File, Format Version 12.00
# Visual Studio 15
VisualStudioVersion = 15.0.26228.4
MinimumVisualStudioVersion = 10.0.40219.1
Project("{9A19103F-16F7-4668-BE54-9A1E7A4F7556}") = "Auth.API", "Auth.API\Auth.API.csproj", "{AEF0067D-111E-42F2-BD5B-21C65E74C93D}"
EndProject
Project("{00D1A9C2-B5F0-4AF3-8072-F6C62B433612}") = "Auth.DB", "Auth.DB\Auth.DB.sqlproj", "{EF6BE614-563F-4E67-8668-4BDB525FB7B0}"
EndProject
Global
	GlobalSection(SolutionConfigurationPlatforms) = preSolution
		Debug|Any CPU = Debug|Any CPU
		Release|Any CPU = Release|Any CPU
	EndGlobalSection
	GlobalSection(ProjectConfigurationPlatforms) = postSolution
		{AEF0067D-111E-42F2-BD5B-21C65E74C93D}.Debug|Any CPU.ActiveCfg = Debug|Any CPU
		{AEF0067D-111E-42F2-BD5B-21C65E74C93D}.Debug|Any CPU.Build.0 = Debug|Any CPU
		{AEF0067D-111E-42F2-BD5B-21C65E74C93D}.Release|Any CPU.ActiveCfg = Release|Any CPU
		{AEF0067D-111E-42F2-BD5B-21C65E74C93D}.Release|Any CPU.Build.0 = Release|Any CPU
		{EF6BE614-563F-4E67-8668-4BDB525FB7B0}.Debug|Any CPU.ActiveCfg = Debug|Any CPU
		{EF6BE614-563F-4E67-8668-4BDB525FB7B0}.Debug|Any CPU.Build.0 = Debug|Any CPU
		{EF6BE614-563F-4E67-8668-4BDB525FB7B0}.Debug|Any CPU.Deploy.0 = Debug|Any CPU
		{EF6BE614-563F-4E67-8668-4BDB525FB7B0}.Release|Any CPU.ActiveCfg = Release|Any CPU
		{EF6BE614-563F-4E67-8668-4BDB525FB7B0}.Release|Any CPU.Build.0 = Release|Any CPU
		{EF6BE614-563F-4E67-8668-4BDB525FB7B0}.Release|Any CPU.Deploy.0 = Release|Any CPU
	EndGlobalSection
	GlobalSection(SolutionProperties) = preSolution
		HideSolutionNode = FALSE
	EndGlobalSection
EndGlobal
